- grade: CompetitionGrade__1
  stageType: CompetitionStageType__1
  sectionTypes:
  - CompetitionStageSectionType_Mid
- grade: CompetitionGrade__1
  stageType: CompetitionStageType__2
  sectionTypes:
  - CompetitionStageSectionType_Mid
- grade: CompetitionGrade__1
  stageType: CompetitionStageType__3
  sectionTypes:
  - CompetitionStageSectionType_Mid
- grade: CompetitionGrade__2
  stageType: CompetitionStageType__1
  sectionTypes:
  - CompetitionStageSectionType_Mid
- grade: CompetitionGrade__2
  stageType: CompetitionStageType__2
  sectionTypes:
  - CompetitionStageSectionType_Mid
- grade: CompetitionGrade__2
  stageType: CompetitionStageType__3
  sectionTypes:
  - CompetitionStageSectionType_Mid
- grade: CompetitionGrade__3
  stageType: CompetitionStageType__1
  sectionTypes:
  - CompetitionStageSectionType_Mid
- grade: CompetitionGrade__3
  stageType: CompetitionStageType__2
  sectionTypes:
  - CompetitionStageSectionType_Mid
- grade: CompetitionGrade__3
  stageType: CompetitionStageType__3
  sectionTypes:
  - CompetitionStageSectionType_Mid
- grade: CompetitionGrade__4
  stageType: CompetitionStageType__1
  sectionTypes:
  - CompetitionStageSectionType_Mid
- grade: CompetitionGrade__4
  stageType: CompetitionStageType__2
  sectionTypes:
  - CompetitionStageSectionType_Mid
- grade: CompetitionGrade__4
  stageType: CompetitionStageType__3
  sectionTypes:
  - CompetitionStageSectionType_Mid
- grade: CompetitionGrade__5
  stageType: CompetitionStageType__1
  sectionTypes: []
- grade: CompetitionGrade__5
  stageType: CompetitionStageType__2
  sectionTypes: []
- grade: CompetitionGrade__5
  stageType: CompetitionStageType__3
  sectionTypes: []
- grade: CompetitionGrade__6
  stageType: CompetitionStageType__1
  sectionTypes: []
- grade: CompetitionGrade__6
  stageType: CompetitionStageType__2
  sectionTypes: []
- grade: CompetitionGrade__6
  stageType: CompetitionStageType__3
  sectionTypes: []
- grade: CompetitionGrade__7
  stageType: CompetitionStageType__1
  sectionTypes: []
- grade: CompetitionGrade__7
  stageType: CompetitionStageType__2
  sectionTypes: []
- grade: CompetitionGrade__7
  stageType: CompetitionStageType__3
  sectionTypes: []
- grade: CompetitionGrade__8
  stageType: CompetitionStageType__1
  sectionTypes: []
- grade: CompetitionGrade__8
  stageType: CompetitionStageType__2
  sectionTypes: []
- grade: CompetitionGrade__8
  stageType: CompetitionStageType__3
  sectionTypes: []