- description: 「お仕事」機能解放
  isForce: false
  name: お仕事
  routeDescription: ホームのお仕事から確認できます
  tutorialType: TutorialType_Work
  unlockConditionSetId: cd-task_clear-01-014
- description: 「コンテスト」機能解放
  isForce: false
  name: コンテスト
  routeDescription: コンテストから確認できます
  tutorialType: TutorialType_PvpRate
  unlockConditionSetId: cd-task_clear-01-025
- description: 「コインガシャ」機能解放
  isForce: false
  name: コインガシャ
  routeDescription: ショップのコインガシャから確認できます
  tutorialType: TutorialType_CoinGasha
  unlockConditionSetId: cd-task_clear-01-016
- description: 「活動費」機能解放
  isForce: false
  name: 活動費
  routeDescription: ホームの活動費から確認できます
  tutorialType: TutorialType_MoneyReceive
  unlockConditionSetId: cd-task_clear-01-010
- description: 「プロデュースアイドル特訓」機能解放
  isForce: false
  name: プロデュースアイドル特訓
  routeDescription: アイドルのPアイドル育成から確認できます
  tutorialType: TutorialType_IdolCardLevelLimitRankUpdate
  unlockConditionSetId: cd-task_clear-01-009
- description: 「サポートカード強化」機能解放
  isForce: false
  name: サポートカード強化
  routeDescription: |
    アイドルのサポートカードから確認できます
  tutorialType: TutorialType_SupportCardLevelUpdate
  unlockConditionSetId: cd-task_clear-01-002
- description: 「デイリー交換所」機能解放
  isForce: false
  name: デイリー交換所
  routeDescription: ショップのデイリー交換所から確認できます
  tutorialType: TutorialType_DailyExchange
  unlockConditionSetId: cd-task_clear-01-011
- description: 「サークル」機能解放
  isForce: false
  name: サークル
  routeDescription: メニューのサークルから確認できます
  tutorialType: TutorialType_Guild
  unlockConditionSetId: cd-task_clear-01-032