- tutorialType: TutorialType_Work
  name: お仕事
  description: 「お仕事」機能解放
  routeDescription: ホームのお仕事から確認できます
  unlockConditionSetId: cd-task_clear-01-014
  isForce: false
  viewConditionSetId: ""
- tutorialType: TutorialType_PvpRate
  name: コンテスト
  description: 「コンテスト」機能解放
  routeDescription: コンテストから確認できます
  unlockConditionSetId: cd-task_clear-01-025
  isForce: false
  viewConditionSetId: ""
- tutorialType: TutorialType_CoinGasha
  name: コインガシャ
  description: 「コインガシャ」機能解放
  routeDescription: ショップのコインガシャから確認できます
  unlockConditionSetId: cd-task_clear-01-016
  isForce: false
  viewConditionSetId: ""
- tutorialType: TutorialType_MoneyReceive
  name: 活動費
  description: 「活動費」機能解放
  routeDescription: ホームの活動費から確認できます
  unlockConditionSetId: cd-task_clear-01-010
  isForce: false
  viewConditionSetId: ""
- tutorialType: TutorialType_IdolCardLevelLimitRankUpdate
  name: プロデュースアイドル特訓
  description: 「プロデュースアイドル特訓」機能解放
  routeDescription: アイドルのPアイドル育成から確認できます
  unlockConditionSetId: cd-task_clear-01-009
  isForce: false
  viewConditionSetId: ""
- tutorialType: TutorialType_SupportCardLevelUpdate
  name: サポートカード強化
  description: 「サポートカード強化」機能解放
  routeDescription: |
    アイドルのサポートカードから確認できます
  unlockConditionSetId: cd-task_clear-01-002
  isForce: false
  viewConditionSetId: ""
- tutorialType: TutorialType_DailyExchange
  name: デイリー交換所
  description: 「デイリー交換所」機能解放
  routeDescription: ショップのデイリー交換所から確認できます
  unlockConditionSetId: cd-task_clear-01-011
  isForce: false
  viewConditionSetId: ""
- tutorialType: TutorialType_Tower
  name: アイドルへの道
  description: 「アイドルへの道」機能解放
  routeDescription: コンテストのアイドルへの道から確認できます
  unlockConditionSetId: cd-task_clear-01-060
  isForce: false
  viewConditionSetId: ""
- tutorialType: TutorialType_Guild
  name: サークル
  description: 「サークル」機能解放
  routeDescription: メニューのサークルから確認できます
  unlockConditionSetId: cd-task_clear-01-032
  isForce: false
  viewConditionSetId: ""
- tutorialType: TutorialType_DearnessTop
  name: 親愛度TOP
  description: 「親愛度TOP」機能解放
  routeDescription: ホームの親愛度から確認できます
  unlockConditionSetId: cd-dearness_feature-0001
  isForce: false
  viewConditionSetId: cd-dearness_feature-0001
- tutorialType: 211
  name: プロデューサーランキング
  description: 「プロデューサーランキング」機能解放
  routeDescription: コンテストのPランキングから確認できます
  unlockConditionSetId: cd-open-producer_ranking
  isForce: false
  viewConditionSetId: cd-time-view_open-producer_ranking-1006_1100