- grade: PvpRateGrade__1
  slotCountPerStage:
  - 1
  - 1
  - 1
- grade: PvpRateGrade__2
  slotCountPerStage:
  - 2
  - 1
  - 1
- grade: PvpRateGrade__3
  slotCountPerStage:
  - 2
  - 2
  - 2
- grade: PvpRateGrade__4
  slotCountPerStage:
  - 2
  - 2
  - 2
- grade: PvpRateGrade__5
  slotCountPerStage:
  - 3
  - 2
  - 2
- grade: PvpRateGrade__6
  slotCountPerStage:
  - 3
  - 3
  - 3
- grade: PvpRateGrade__7
  slotCountPerStage:
  - 3
  - 3
  - 3
- grade: PvpRateGrade__8
  slotCountPerStage:
  - 3
  - 3
  - 3